
Microsoft Visual Studio Solution File, Format Version 12.00
# Visual Studio 15
VisualStudioVersion = 15.0.27004.2002
MinimumVisualStudioVersion = 10.0.40219.1
Project("{FAE04EC0-301F-11D3-BF4B-00C04F79EFBC}") = "Metrology", "Metrology\Metrology.csproj", "{FA3420D6-B29B-42B1-848F-11E2573EF279}"
EndProject
Global
	GlobalSection(SolutionConfigurationPlatforms) = preSolution
		Debug|Any CPU = Debug|Any CPU
		Release|Any CPU = Release|Any CPU
	EndGlobalSection
	GlobalSection(ProjectConfigurationPlatforms) = postSolution
		{FA3420D6-B29B-42B1-848F-11E2573EF279}.Debug|Any CPU.ActiveCfg = Debug|Any CPU
		{FA3420D6-B29B-42B1-848F-11E2573EF279}.Debug|Any CPU.Build.0 = Debug|Any CPU
		{FA3420D6-B29B-42B1-848F-11E2573EF279}.Release|Any CPU.ActiveCfg = Release|Any CPU
		{FA3420D6-B29B-42B1-848F-11E2573EF279}.Release|Any CPU.Build.0 = Release|Any CPU
	EndGlobalSection
	GlobalSection(SolutionProperties) = preSolution
		HideSolutionNode = FALSE
	EndGlobalSection
	GlobalSection(ExtensibilityGlobals) = postSolution
		SolutionGuid = {42AAD5AA-60E7-412C-962E-0326F0A625CE}
	EndGlobalSection
EndGlobal
